# This file is automatically @generated by Cargo.
# It is not intended for manual editing.
version = 3

[[package]]
name = "cc"
version = "1.0.87"
source = "registry+https://github.com/rust-lang/crates.io-index"
checksum = "3286b845d0fccbdd15af433f61c5970e711987036cb468f437ff6badd70f4e24"

[[package]]
name = "dpcnorm"
version = "0.1.0"
dependencies = [
 "tinyfiledialogs",
]

[[package]]
name = "libc"
version = "0.2.153"
source = "registry+https://github.com/rust-lang/crates.io-index"
checksum = "9c198f91728a82281a64e1f4f9eeb25d82cb32a5de251c6bd1b5154d63a8e7bd"

[[package]]
name = "tinyfiledialogs"
version = "3.9.1"
source = "registry+https://github.com/rust-lang/crates.io-index"
checksum = "e25fa0bc43a6566e2cc6d7ac96df3fa5a57beba34445bead1b368ba8fe9ca568"
dependencies = [
 "cc",
 "libc",
]
